// !$*UTF8*$!
{
	archiveVersion = 1;
	classes = {
	};
	objectVersion = 55;
	objects = {

/* Begin PBXBuildFile section */
		3817CAD927E1E87C000B96EF /* AppDelegate.swift in Sources */ = {isa = PBXBuildFile; fileRef = 3817CAD827E1E87C000B96EF /* AppDelegate.swift */; };
		3817CADB27E1E87C000B96EF /* SceneDelegate.swift in Sources */ = {isa = PBXBuildFile; fileRef = 3817CADA27E1E87C000B96EF /* SceneDelegate.swift */; };
		3817CADD27E1E87C000B96EF /* ProductListViewController.swift in Sources */ = {isa = PBXBuildFile; fileRef = 3817CADC27E1E87C000B96EF /* ProductListViewController.swift */; };
		3817CAE027E1E87C000B96EF /* Main.storyboard in Resources */ = {isa = PBXBuildFile; fileRef = 3817CADE27E1E87C000B96EF /* Main.storyboard */; };
		3817CAE227E1E87F000B96EF /* Assets.xcassets in Resources */ = {isa = PBXBuildFile; fileRef = 3817CAE127E1E87F000B96EF /* Assets.xcassets */; };
		3817CAE527E1E87F000B96EF /* LaunchScreen.storyboard in Resources */ = {isa = PBXBuildFile; fileRef = 3817CAE327E1E87F000B96EF /* LaunchScreen.storyboard */; };
		3817CAF027E1E880000B96EF /* ProsrochkaAppTests.swift in Sources */ = {isa = PBXBuildFile; fileRef = 3817CAEF27E1E880000B96EF /* ProsrochkaAppTests.swift */; };
		3817CAFA27E1E880000B96EF /* ProsrochkaAppUITests.swift in Sources */ = {isa = PBXBuildFile; fileRef = 3817CAF927E1E880000B96EF /* ProsrochkaAppUITests.swift */; };
		3817CAFC27E1E880000B96EF /* ProsrochkaAppUITestsLaunchTests.swift in Sources */ = {isa = PBXBuildFile; fileRef = 3817CAFB27E1E880000B96EF /* ProsrochkaAppUITestsLaunchTests.swift */; };
		3817CB0927E1E948000B96EF /* AddEditProductViewController.swift in Sources */ = {isa = PBXBuildFile; fileRef = 3817CB0827E1E948000B96EF /* AddEditProductViewController.swift */; };
		3817CB0B27E1EAD6000B96EF /* CustomTextField.swift in Sources */ = {isa = PBXBuildFile; fileRef = 3817CB0A27E1EAD6000B96EF /* CustomTextField.swift */; };
		3817CB0D27E1EB7F000B96EF /* Extensions+UIView.swift in Sources */ = {isa = PBXBuildFile; fileRef = 3817CB0C27E1EB7F000B96EF /* Extensions+UIView.swift */; };
		3817CB0F27E22261000B96EF /* Extensions+VC.swift in Sources */ = {isa = PBXBuildFile; fileRef = 3817CB0E27E22261000B96EF /* Extensions+VC.swift */; };
		3817CB1327E23B06000B96EF /* ProductsCell.swift in Sources */ = {isa = PBXBuildFile; fileRef = 3817CB1227E23B06000B96EF /* ProductsCell.swift */; };
		38E2D3DA27E475AA00EC3294 /* CoreDataStack.swift in Sources */ = {isa = PBXBuildFile; fileRef = 38E2D3D927E475AA00EC3294 /* CoreDataStack.swift */; };
		38E2D3DD27E4844300EC3294 /* Overdue.xcdatamodeld in Sources */ = {isa = PBXBuildFile; fileRef = 38E2D3DB27E4844200EC3294 /* Overdue.xcdatamodeld */; };
		38E2D3E127E486BC00EC3294 /* Product+CoreDataClass.swift in Sources */ = {isa = PBXBuildFile; fileRef = 38E2D3DF27E486BC00EC3294 /* Product+CoreDataClass.swift */; };
		38E2D3E227E486BC00EC3294 /* Product+CoreDataProperties.swift in Sources */ = {isa = PBXBuildFile; fileRef = 38E2D3E027E486BC00EC3294 /* Product+CoreDataProperties.swift */; };
		38E2D3E627E487E300EC3294 /* AddEditViewModel.swift in Sources */ = {isa = PBXBuildFile; fileRef = 38E2D3E527E487E300EC3294 /* AddEditViewModel.swift */; };
		38F143D027E33375009402AF /* TagUIView.swift in Sources */ = {isa = PBXBuildFile; fileRef = 38F143CF27E33375009402AF /* TagUIView.swift */; };
		38F143D227E33464009402AF /* ProductListViewModelImp.swift in Sources */ = {isa = PBXBuildFile; fileRef = 38F143D127E33464009402AF /* ProductListViewModelImp.swift */; };
/* End PBXBuildFile section */

/* Begin PBXContainerItemProxy section */
		3817CAEC27E1E880000B96EF /* PBXContainerItemProxy */ = {
			isa = PBXContainerItemProxy;
			containerPortal = 3817CACD27E1E87C000B96EF /* Project object */;
			proxyType = 1;
			remoteGlobalIDString = 3817CAD427E1E87C000B96EF;
			remoteInfo = ProsrochkaApp;
		};
		3817CAF627E1E880000B96EF /* PBXContainerItemProxy */ = {
			isa = PBXContainerItemProxy;
			containerPortal = 3817CACD27E1E87C000B96EF /* Project object */;
			proxyType = 1;
			remoteGlobalIDString = 3817CAD427E1E87C000B96EF;
			remoteInfo = ProsrochkaApp;
		};
/* End PBXContainerItemProxy section */

/* Begin PBXFileReference section */
		3817CAD527E1E87C000B96EF /* ProsrochkaApp.app */ = {isa = PBXFileReference; explicitFileType = wrapper.application; includeInIndex = 0; path = ProsrochkaApp.app; sourceTree = BUILT_PRODUCTS_DIR; };
		3817CAD827E1E87C000B96EF /* AppDelegate.swift */ = {isa = PBXFileReference; lastKnownFileType = sourcecode.swift; path = AppDelegate.swift; sourceTree = "<group>"; };
		3817CADA27E1E87C000B96EF /* SceneDelegate.swift */ = {isa = PBXFileReference; lastKnownFileType = sourcecode.swift; path = SceneDelegate.swift; sourceTree = "<group>"; };
		3817CADC27E1E87C000B96EF /* ProductListViewController.swift */ = {isa = PBXFileReference; lastKnownFileType = sourcecode.swift; path = ProductListViewController.swift; sourceTree = "<group>"; };
		3817CADF27E1E87C000B96EF /* Base */ = {isa = PBXFileReference; lastKnownFileType = file.storyboard; name = Base; path = Base.lproj/Main.storyboard; sourceTree = "<group>"; };
		3817CAE127E1E87F000B96EF /* Assets.xcassets */ = {isa = PBXFileReference; lastKnownFileType = folder.assetcatalog; path = Assets.xcassets; sourceTree = "<group>"; };
		3817CAE427E1E87F000B96EF /* Base */ = {isa = PBXFileReference; lastKnownFileType = file.storyboard; name = Base; path = Base.lproj/LaunchScreen.storyboard; sourceTree = "<group>"; };
		3817CAE627E1E87F000B96EF /* Info.plist */ = {isa = PBXFileReference; lastKnownFileType = text.plist.xml; path = Info.plist; sourceTree = "<group>"; };
		3817CAEB27E1E880000B96EF /* ProsrochkaAppTests.xctest */ = {isa = PBXFileReference; explicitFileType = wrapper.cfbundle; includeInIndex = 0; path = ProsrochkaAppTests.xctest; sourceTree = BUILT_PRODUCTS_DIR; };
		3817CAEF27E1E880000B96EF /* ProsrochkaAppTests.swift */ = {isa = PBXFileReference; lastKnownFileType = sourcecode.swift; path = ProsrochkaAppTests.swift; sourceTree = "<group>"; };
		3817CAF527E1E880000B96EF /* ProsrochkaAppUITests.xctest */ = {isa = PBXFileReference; explicitFileType = wrapper.cfbundle; includeInIndex = 0; path = ProsrochkaAppUITests.xctest; sourceTree = BUILT_PRODUCTS_DIR; };
		3817CAF927E1E880000B96EF /* ProsrochkaAppUITests.swift */ = {isa = PBXFileReference; lastKnownFileType = sourcecode.swift; path = ProsrochkaAppUITests.swift; sourceTree = "<group>"; };
		3817CAFB27E1E880000B96EF /* ProsrochkaAppUITestsLaunchTests.swift */ = {isa = PBXFileReference; lastKnownFileType = sourcecode.swift; path = ProsrochkaAppUITestsLaunchTests.swift; sourceTree = "<group>"; };
		3817CB0827E1E948000B96EF /* AddEditProductViewController.swift */ = {isa = PBXFileReference; lastKnownFileType = sourcecode.swift; path = AddEditProductViewController.swift; sourceTree = "<group>"; };
		3817CB0A27E1EAD6000B96EF /* CustomTextField.swift */ = {isa = PBXFileReference; fileEncoding = 4; lastKnownFileType = sourcecode.swift; path = CustomTextField.swift; sourceTree = "<group>"; };
		3817CB0C27E1EB7F000B96EF /* Extensions+UIView.swift */ = {isa = PBXFileReference; fileEncoding = 4; lastKnownFileType = sourcecode.swift; path = "Extensions+UIView.swift"; sourceTree = "<group>"; };
		3817CB0E27E22261000B96EF /* Extensions+VC.swift */ = {isa = PBXFileReference; lastKnownFileType = sourcecode.swift; path = "Extensions+VC.swift"; sourceTree = "<group>"; };
		3817CB1227E23B06000B96EF /* ProductsCell.swift */ = {isa = PBXFileReference; lastKnownFileType = sourcecode.swift; path = ProductsCell.swift; sourceTree = "<group>"; };
		38E2D3D927E475AA00EC3294 /* CoreDataStack.swift */ = {isa = PBXFileReference; lastKnownFileType = sourcecode.swift; path = CoreDataStack.swift; sourceTree = "<group>"; };
		38E2D3DC27E4844300EC3294 /* Overdue.xcdatamodel */ = {isa = PBXFileReference; lastKnownFileType = wrapper.xcdatamodel; path = Overdue.xcdatamodel; sourceTree = "<group>"; };
		38E2D3DF27E486BC00EC3294 /* Product+CoreDataClass.swift */ = {isa = PBXFileReference; lastKnownFileType = sourcecode.swift; path = "Product+CoreDataClass.swift"; sourceTree = "<group>"; };
		38E2D3E027E486BC00EC3294 /* Product+CoreDataProperties.swift */ = {isa = PBXFileReference; lastKnownFileType = sourcecode.swift; path = "Product+CoreDataProperties.swift"; sourceTree = "<group>"; };
		38E2D3E327E4871100EC3294 /* Overdue v2.xcdatamodel */ = {isa = PBXFileReference; lastKnownFileType = wrapper.xcdatamodel; path = "Overdue v2.xcdatamodel"; sourceTree = "<group>"; };
		38E2D3E527E487E300EC3294 /* AddEditViewModel.swift */ = {isa = PBXFileReference; lastKnownFileType = sourcecode.swift; path = AddEditViewModel.swift; sourceTree = "<group>"; };
		38F143CF27E33375009402AF /* TagUIView.swift */ = {isa = PBXFileReference; fileEncoding = 4; lastKnownFileType = sourcecode.swift; path = TagUIView.swift; sourceTree = "<group>"; };
		38F143D127E33464009402AF /* ProductListViewModelImp.swift */ = {isa = PBXFileReference; lastKnownFileType = sourcecode.swift; path = ProductListViewModelImp.swift; sourceTree = "<group>"; };
/* End PBXFileReference section */

/* Begin PBXFrameworksBuildPhase section */
		3817CAD227E1E87C000B96EF /* Frameworks */ = {
			isa = PBXFrameworksBuildPhase;
			buildActionMask = 2147483647;
			files = (
			);
			runOnlyForDeploymentPostprocessing = 0;
		};
		3817CAE827E1E880000B96EF /* Frameworks */ = {
			isa = PBXFrameworksBuildPhase;
			buildActionMask = 2147483647;
			files = (
			);
			runOnlyForDeploymentPostprocessing = 0;
		};
		3817CAF227E1E880000B96EF /* Frameworks */ = {
			isa = PBXFrameworksBuildPhase;
			buildActionMask = 2147483647;
			files = (
			);
			runOnlyForDeploymentPostprocessing = 0;
		};
/* End PBXFrameworksBuildPhase section */

/* Begin PBXGroup section */
		3817CACC27E1E87C000B96EF = {
			isa = PBXGroup;
			children = (
				3817CAD727E1E87C000B96EF /* ProsrochkaApp */,
				3817CAEE27E1E880000B96EF /* ProsrochkaAppTests */,
				3817CAF827E1E880000B96EF /* ProsrochkaAppUITests */,
				3817CAD627E1E87C000B96EF /* Products */,
			);
			sourceTree = "<group>";
		};
		3817CAD627E1E87C000B96EF /* Products */ = {
			isa = PBXGroup;
			children = (
				3817CAD527E1E87C000B96EF /* ProsrochkaApp.app */,
				3817CAEB27E1E880000B96EF /* ProsrochkaAppTests.xctest */,
				3817CAF527E1E880000B96EF /* ProsrochkaAppUITests.xctest */,
			);
			name = Products;
			sourceTree = "<group>";
		};
		3817CAD727E1E87C000B96EF /* ProsrochkaApp */ = {
			isa = PBXGroup;
			children = (
				38E2D3E727E48CE400EC3294 /* ViewControllers */,
				38E2D3E427E487D100EC3294 /* ViewModels */,
				38E2D3DE27E4869C00EC3294 /* CoreData */,
				3817CB1027E2379F000B96EF /* Support */,
				3817CB1127E237AA000B96EF /* Views */,
				3817CB0C27E1EB7F000B96EF /* Extensions+UIView.swift */,
				3817CAE627E1E87F000B96EF /* Info.plist */,
				3817CB0E27E22261000B96EF /* Extensions+VC.swift */,
				38E2D3D927E475AA00EC3294 /* CoreDataStack.swift */,
				38E2D3DB27E4844200EC3294 /* Overdue.xcdatamodeld */,
			);
			path = ProsrochkaApp;
			sourceTree = "<group>";
		};
		3817CAEE27E1E880000B96EF /* ProsrochkaAppTests */ = {
			isa = PBXGroup;
			children = (
				3817CAEF27E1E880000B96EF /* ProsrochkaAppTests.swift */,
			);
			path = ProsrochkaAppTests;
			sourceTree = "<group>";
		};
		3817CAF827E1E880000B96EF /* ProsrochkaAppUITests */ = {
			isa = PBXGroup;
			children = (
				3817CAF927E1E880000B96EF /* ProsrochkaAppUITests.swift */,
				3817CAFB27E1E880000B96EF /* ProsrochkaAppUITestsLaunchTests.swift */,
			);
			path = ProsrochkaAppUITests;
			sourceTree = "<group>";
		};
		3817CB1027E2379F000B96EF /* Support */ = {
			isa = PBXGroup;
			children = (
				3817CAD827E1E87C000B96EF /* AppDelegate.swift */,
				3817CADA27E1E87C000B96EF /* SceneDelegate.swift */,
				3817CADE27E1E87C000B96EF /* Main.storyboard */,
				3817CAE127E1E87F000B96EF /* Assets.xcassets */,
				3817CAE327E1E87F000B96EF /* LaunchScreen.storyboard */,
			);
			path = Support;
			sourceTree = "<group>";
		};
		3817CB1127E237AA000B96EF /* Views */ = {
			isa = PBXGroup;
			children = (
				38F143CF27E33375009402AF /* TagUIView.swift */,
				3817CB0A27E1EAD6000B96EF /* CustomTextField.swift */,
				3817CB1227E23B06000B96EF /* ProductsCell.swift */,
			);
			path = Views;
			sourceTree = "<group>";
		};
		38E2D3DE27E4869C00EC3294 /* CoreData */ = {
			isa = PBXGroup;
			children = (
				38E2D3DF27E486BC00EC3294 /* Product+CoreDataClass.swift */,
				38E2D3E027E486BC00EC3294 /* Product+CoreDataProperties.swift */,
			);
			path = CoreData;
			sourceTree = "<group>";
		};
		38E2D3E427E487D100EC3294 /* ViewModels */ = {
			isa = PBXGroup;
			children = (
				38F143D127E33464009402AF /* ProductListViewModelImp.swift */,
				38E2D3E527E487E300EC3294 /* AddEditViewModel.swift */,
			);
			path = ViewModels;
			sourceTree = "<group>";
		};
		38E2D3E727E48CE400EC3294 /* ViewControllers */ = {
			isa = PBXGroup;
			children = (
				3817CADC27E1E87C000B96EF /* ProductListViewController.swift */,
				3817CB0827E1E948000B96EF /* AddEditProductViewController.swift */,
			);
			path = ViewControllers;
			sourceTree = "<group>";
		};
/* End PBXGroup section */

/* Begin PBXNativeTarget section */
		3817CAD427E1E87C000B96EF /* ProsrochkaApp */ = {
			isa = PBXNativeTarget;
			buildConfigurationList = 3817CAFF27E1E880000B96EF /* Build configuration list for PBXNativeTarget "ProsrochkaApp" */;
			buildPhases = (
				3817CAD127E1E87C000B96EF /* Sources */,
				3817CAD227E1E87C000B96EF /* Frameworks */,
				3817CAD327E1E87C000B96EF /* Resources */,
			);
			buildRules = (
			);
			dependencies = (
			);
			name = ProsrochkaApp;
			productName = ProsrochkaApp;
			productReference = 3817CAD527E1E87C000B96EF /* ProsrochkaApp.app */;
			productType = "com.apple.product-type.application";
		};
		3817CAEA27E1E880000B96EF /* ProsrochkaAppTests */ = {
			isa = PBXNativeTarget;
			buildConfigurationList = 3817CB0227E1E880000B96EF /* Build configuration list for PBXNativeTarget "ProsrochkaAppTests" */;
			buildPhases = (
				3817CAE727E1E880000B96EF /* Sources */,
				3817CAE827E1E880000B96EF /* Frameworks */,
				3817CAE927E1E880000B96EF /* Resources */,
			);
			buildRules = (
			);
			dependencies = (
				3817CAED27E1E880000B96EF /* PBXTargetDependency */,
			);
			name = ProsrochkaAppTests;
			productName = ProsrochkaAppTests;
			productReference = 3817CAEB27E1E880000B96EF /* ProsrochkaAppTests.xctest */;
			productType = "com.apple.product-type.bundle.unit-test";
		};
		3817CAF427E1E880000B96EF /* ProsrochkaAppUITests */ = {
			isa = PBXNativeTarget;
			buildConfigurationList = 3817CB0527E1E880000B96EF /* Build configuration list for PBXNativeTarget "ProsrochkaAppUITests" */;
			buildPhases = (
				3817CAF127E1E880000B96EF /* Sources */,
				3817CAF227E1E880000B96EF /* Frameworks */,
				3817CAF327E1E880000B96EF /* Resources */,
			);
			buildRules = (
			);
			dependencies = (
				3817CAF727E1E880000B96EF /* PBXTargetDependency */,
			);
			name = ProsrochkaAppUITests;
			productName = ProsrochkaAppUITests;
			productReference = 3817CAF527E1E880000B96EF /* ProsrochkaAppUITests.xctest */;
			productType = "com.apple.product-type.bundle.ui-testing";
		};
/* End PBXNativeTarget section */

/* Begin PBXProject section */
		3817CACD27E1E87C000B96EF /* Project object */ = {
			isa = PBXProject;
			attributes = {
				BuildIndependentTargetsInParallel = 1;
				LastSwiftUpdateCheck = 1310;
				LastUpgradeCheck = 1310;
				TargetAttributes = {
					3817CAD427E1E87C000B96EF = {
						CreatedOnToolsVersion = 13.1;
					};
					3817CAEA27E1E880000B96EF = {
						CreatedOnToolsVersion = 13.1;
						TestTargetID = 3817CAD427E1E87C000B96EF;
					};
					3817CAF427E1E880000B96EF = {
						CreatedOnToolsVersion = 13.1;
						TestTargetID = 3817CAD427E1E87C000B96EF;
					};
				};
			};
			buildConfigurationList = 3817CAD027E1E87C000B96EF /* Build configuration list for PBXProject "ProsrochkaApp" */;
			compatibilityVersion = "Xcode 13.0";
			developmentRegion = en;
			hasScannedForEncodings = 0;
			knownRegions = (
				en,
				Base,
			);
			mainGroup = 3817CACC27E1E87C000B96EF;
			productRefGroup = 3817CAD627E1E87C000B96EF /* Products */;
			projectDirPath = "";
			projectRoot = "";
			targets = (
				3817CAD427E1E87C000B96EF /* ProsrochkaApp */,
				3817CAEA27E1E880000B96EF /* ProsrochkaAppTests */,
				3817CAF427E1E880000B96EF /* ProsrochkaAppUITests */,
			);
		};
/* End PBXProject section */

/* Begin PBXResourcesBuildPhase section */
		3817CAD327E1E87C000B96EF /* Resources */ = {
			isa = PBXResourcesBuildPhase;
			buildActionMask = 2147483647;
			files = (
				3817CAE527E1E87F000B96EF /* LaunchScreen.storyboard in Resources */,
				3817CAE227E1E87F000B96EF /* Assets.xcassets in Resources */,
				3817CAE027E1E87C000B96EF /* Main.storyboard in Resources */,
			);
			runOnlyForDeploymentPostprocessing = 0;
		};
		3817CAE927E1E880000B96EF /* Resources */ = {
			isa = PBXResourcesBuildPhase;
			buildActionMask = 2147483647;
			files = (
			);
			runOnlyForDeploymentPostprocessing = 0;
		};
		3817CAF327E1E880000B96EF /* Resources */ = {
			isa = PBXResourcesBuildPhase;
			buildActionMask = 2147483647;
			files = (
			);
			runOnlyForDeploymentPostprocessing = 0;
		};
/* End PBXResourcesBuildPhase section */

/* Begin PBXSourcesBuildPhase section */
		3817CAD127E1E87C000B96EF /* Sources */ = {
			isa = PBXSourcesBuildPhase;
			buildActionMask = 2147483647;
			files = (
				3817CB0927E1E948000B96EF /* AddEditProductViewController.swift in Sources */,
				3817CB1327E23B06000B96EF /* ProductsCell.swift in Sources */,
				3817CADD27E1E87C000B96EF /* ProductListViewController.swift in Sources */,
				3817CB0F27E22261000B96EF /* Extensions+VC.swift in Sources */,
				3817CB0D27E1EB7F000B96EF /* Extensions+UIView.swift in Sources */,
				3817CAD927E1E87C000B96EF /* AppDelegate.swift in Sources */,
				38E2D3E627E487E300EC3294 /* AddEditViewModel.swift in Sources */,
				38E2D3DA27E475AA00EC3294 /* CoreDataStack.swift in Sources */,
				38E2D3E127E486BC00EC3294 /* Product+CoreDataClass.swift in Sources */,
				38F143D227E33464009402AF /* ProductListViewModelImp.swift in Sources */,
				3817CADB27E1E87C000B96EF /* SceneDelegate.swift in Sources */,
				38E2D3E227E486BC00EC3294 /* Product+CoreDataProperties.swift in Sources */,
				3817CB0B27E1EAD6000B96EF /* CustomTextField.swift in Sources */,
				38E2D3DD27E4844300EC3294 /* Overdue.xcdatamodeld in Sources */,
				38F143D027E33375009402AF /* TagUIView.swift in Sources */,
			);
			runOnlyForDeploymentPostprocessing = 0;
		};
		3817CAE727E1E880000B96EF /* Sources */ = {
			isa = PBXSourcesBuildPhase;
			buildActionMask = 2147483647;
			files = (
				3817CAF027E1E880000B96EF /* ProsrochkaAppTests.swift in Sources */,
			);
			runOnlyForDeploymentPostprocessing = 0;
		};
		3817CAF127E1E880000B96EF /* Sources */ = {
			isa = PBXSourcesBuildPhase;
			buildActionMask = 2147483647;
			files = (
				3817CAFC27E1E880000B96EF /* ProsrochkaAppUITestsLaunchTests.swift in Sources */,
				3817CAFA27E1E880000B96EF /* ProsrochkaAppUITests.swift in Sources */,
			);
			runOnlyForDeploymentPostprocessing = 0;
		};
/* End PBXSourcesBuildPhase section */

/* Begin PBXTargetDependency section */
		3817CAED27E1E880000B96EF /* PBXTargetDependency */ = {
			isa = PBXTargetDependency;
			target = 3817CAD427E1E87C000B96EF /* ProsrochkaApp */;
			targetProxy = 3817CAEC27E1E880000B96EF /* PBXContainerItemProxy */;
		};
		3817CAF727E1E880000B96EF /* PBXTargetDependency */ = {
			isa = PBXTargetDependency;
			target = 3817CAD427E1E87C000B96EF /* ProsrochkaApp */;
			targetProxy = 3817CAF627E1E880000B96EF /* PBXContainerItemProxy */;
		};
/* End PBXTargetDependency section */

/* Begin PBXVariantGroup section */
		3817CADE27E1E87C000B96EF /* Main.storyboard */ = {
			isa = PBXVariantGroup;
			children = (
				3817CADF27E1E87C000B96EF /* Base */,
			);
			name = Main.storyboard;
			sourceTree = "<group>";
		};
		3817CAE327E1E87F000B96EF /* LaunchScreen.storyboard */ = {
			isa = PBXVariantGroup;
			children = (
				3817CAE427E1E87F000B96EF /* Base */,
			);
			name = LaunchScreen.storyboard;
			sourceTree = "<group>";
		};
/* End PBXVariantGroup section */

/* Begin XCBuildConfiguration section */
		3817CAFD27E1E880000B96EF /* Debug */ = {
			isa = XCBuildConfiguration;
			buildSettings = {
				ALWAYS_SEARCH_USER_PATHS = NO;
				CLANG_ANALYZER_NONNULL = YES;
				CLANG_ANALYZER_NUMBER_OBJECT_CONVERSION = YES_AGGRESSIVE;
				CLANG_CXX_LANGUAGE_STANDARD = "gnu++17";
				CLANG_CXX_LIBRARY = "libc++";
				CLANG_ENABLE_MODULES = YES;
				CLANG_ENABLE_OBJC_ARC = YES;
				CLANG_ENABLE_OBJC_WEAK = YES;
				CLANG_WARN_BLOCK_CAPTURE_AUTORELEASING = YES;
				CLANG_WARN_BOOL_CONVERSION = YES;
				CLANG_WARN_COMMA = YES;
				CLANG_WARN_CONSTANT_CONVERSION = YES;
				CLANG_WARN_DEPRECATED_OBJC_IMPLEMENTATIONS = YES;
				CLANG_WARN_DIRECT_OBJC_ISA_USAGE = YES_ERROR;
				CLANG_WARN_DOCUMENTATION_COMMENTS = YES;
				CLANG_WARN_EMPTY_BODY = YES;
				CLANG_WARN_ENUM_CONVERSION = YES;
				CLANG_WARN_INFINITE_RECURSION = YES;
				CLANG_WARN_INT_CONVERSION = YES;
				CLANG_WARN_NON_LITERAL_NULL_CONVERSION = YES;
				CLANG_WARN_OBJC_IMPLICIT_RETAIN_SELF = YES;
				CLANG_WARN_OBJC_LITERAL_CONVERSION = YES;
				CLANG_WARN_OBJC_ROOT_CLASS = YES_ERROR;
				CLANG_WARN_QUOTED_INCLUDE_IN_FRAMEWORK_HEADER = YES;
				CLANG_WARN_RANGE_LOOP_ANALYSIS = YES;
				CLANG_WARN_STRICT_PROTOTYPES = YES;
				CLANG_WARN_SUSPICIOUS_MOVE = YES;
				CLANG_WARN_UNGUARDED_AVAILABILITY = YES_AGGRESSIVE;
				CLANG_WARN_UNREACHABLE_CODE = YES;
				CLANG_WARN__DUPLICATE_METHOD_MATCH = YES;
				COPY_PHASE_STRIP = NO;
				DEBUG_INFORMATION_FORMAT = dwarf;
				ENABLE_STRICT_OBJC_MSGSEND = YES;
				ENABLE_TESTABILITY = YES;
				GCC_C_LANGUAGE_STANDARD = gnu11;
				GCC_DYNAMIC_NO_PIC = NO;
				GCC_NO_COMMON_BLOCKS = YES;
				GCC_OPTIMIZATION_LEVEL = 0;
				GCC_PREPROCESSOR_DEFINITIONS = (
					"DEBUG=1",
					"$(inherited)",
				);
				GCC_WARN_64_TO_32_BIT_CONVERSION = YES;
				GCC_WARN_ABOUT_RETURN_TYPE = YES_ERROR;
				GCC_WARN_UNDECLARED_SELECTOR = YES;
				GCC_WARN_UNINITIALIZED_AUTOS = YES_AGGRESSIVE;
				GCC_WARN_UNUSED_FUNCTION = YES;
				GCC_WARN_UNUSED_VARIABLE = YES;
				IPHONEOS_DEPLOYMENT_TARGET = 15.0;
				MTL_ENABLE_DEBUG_INFO = INCLUDE_SOURCE;
				MTL_FAST_MATH = YES;
				ONLY_ACTIVE_ARCH = YES;
				SDKROOT = iphoneos;
				SWIFT_ACTIVE_COMPILATION_CONDITIONS = DEBUG;
				SWIFT_OPTIMIZATION_LEVEL = "-Onone";
			};
			name = Debug;
		};
		3817CAFE27E1E880000B96EF /* Release */ = {
			isa = XCBuildConfiguration;
			buildSettings = {
				ALWAYS_SEARCH_USER_PATHS = NO;
				CLANG_ANALYZER_NONNULL = YES;
				CLANG_ANALYZER_NUMBER_OBJECT_CONVERSION = YES_AGGRESSIVE;
				CLANG_CXX_LANGUAGE_STANDARD = "gnu++17";
				CLANG_CXX_LIBRARY = "libc++";
				CLANG_ENABLE_MODULES = YES;
				CLANG_ENABLE_OBJC_ARC = YES;
				CLANG_ENABLE_OBJC_WEAK = YES;
				CLANG_WARN_BLOCK_CAPTURE_AUTORELEASING = YES;
				CLANG_WARN_BOOL_CONVERSION = YES;
				CLANG_WARN_COMMA = YES;
				CLANG_WARN_CONSTANT_CONVERSION = YES;
				CLANG_WARN_DEPRECATED_OBJC_IMPLEMENTATIONS = YES;
				CLANG_WARN_DIRECT_OBJC_ISA_USAGE = YES_ERROR;
				CLANG_WARN_DOCUMENTATION_COMMENTS = YES;
				CLANG_WARN_EMPTY_BODY = YES;
				CLANG_WARN_ENUM_CONVERSION = YES;
				CLANG_WARN_INFINITE_RECURSION = YES;
				CLANG_WARN_INT_CONVERSION = YES;
				CLANG_WARN_NON_LITERAL_NULL_CONVERSION = YES;
				CLANG_WARN_OBJC_IMPLICIT_RETAIN_SELF = YES;
				CLANG_WARN_OBJC_LITERAL_CONVERSION = YES;
				CLANG_WARN_OBJC_ROOT_CLASS = YES_ERROR;
				CLANG_WARN_QUOTED_INCLUDE_IN_FRAMEWORK_HEADER = YES;
				CLANG_WARN_RANGE_LOOP_ANALYSIS = YES;
				CLANG_WARN_STRICT_PROTOTYPES = YES;
				CLANG_WARN_SUSPICIOUS_MOVE = YES;
				CLANG_WARN_UNGUARDED_AVAILABILITY = YES_AGGRESSIVE;
				CLANG_WARN_UNREACHABLE_CODE = YES;
				CLANG_WARN__DUPLICATE_METHOD_MATCH = YES;
				COPY_PHASE_STRIP = NO;
				DEBUG_INFORMATION_FORMAT = "dwarf-with-dsym";
				ENABLE_NS_ASSERTIONS = NO;
				ENABLE_STRICT_OBJC_MSGSEND = YES;
				GCC_C_LANGUAGE_STANDARD = gnu11;
				GCC_NO_COMMON_BLOCKS = YES;
				GCC_WARN_64_TO_32_BIT_CONVERSION = YES;
				GCC_WARN_ABOUT_RETURN_TYPE = YES_ERROR;
				GCC_WARN_UNDECLARED_SELECTOR = YES;
				GCC_WARN_UNINITIALIZED_AUTOS = YES_AGGRESSIVE;
				GCC_WARN_UNUSED_FUNCTION = YES;
				GCC_WARN_UNUSED_VARIABLE = YES;
				IPHONEOS_DEPLOYMENT_TARGET = 15.0;
				MTL_ENABLE_DEBUG_INFO = NO;
				MTL_FAST_MATH = YES;
				SDKROOT = iphoneos;
				SWIFT_COMPILATION_MODE = wholemodule;
				SWIFT_OPTIMIZATION_LEVEL = "-O";
				VALIDATE_PRODUCT = YES;
			};
			name = Release;
		};
		3817CB0027E1E880000B96EF /* Debug */ = {
			isa = XCBuildConfiguration;
			buildSettings = {
				ASSETCATALOG_COMPILER_APPICON_NAME = AppIcon;
				ASSETCATALOG_COMPILER_GLOBAL_ACCENT_COLOR_NAME = AccentColor;
				CODE_SIGN_STYLE = Automatic;
				CURRENT_PROJECT_VERSION = 1;
				DEVELOPMENT_TEAM = WSCHZVTX6D;
				GENERATE_INFOPLIST_FILE = YES;
				INFOPLIST_FILE = ProsrochkaApp/Info.plist;
				INFOPLIST_KEY_UIApplicationSupportsIndirectInputEvents = YES;
				INFOPLIST_KEY_UILaunchStoryboardName = LaunchScreen;
				INFOPLIST_KEY_UISupportedInterfaceOrientations_iPad = "UIInterfaceOrientationPortrait UIInterfaceOrientationPortraitUpsideDown UIInterfaceOrientationLandscapeLeft UIInterfaceOrientationLandscapeRight";
				INFOPLIST_KEY_UISupportedInterfaceOrientations_iPhone = "UIInterfaceOrientationPortrait UIInterfaceOrientationLandscapeLeft UIInterfaceOrientationLandscapeRight";
				IPHONEOS_DEPLOYMENT_TARGET = 12.0;
				LD_RUNPATH_SEARCH_PATHS = (
					"$(inherited)",
					"@executable_path/Frameworks",
				);
				MARKETING_VERSION = 1.0;
				PRODUCT_BUNDLE_IDENTIFIER = com.maximshevtsov.ProsrochkaApp;
				PRODUCT_NAME = "$(TARGET_NAME)";
				SWIFT_EMIT_LOC_STRINGS = YES;
				SWIFT_VERSION = 5.0;
				TARGETED_DEVICE_FAMILY = "1,2";
			};
			name = Debug;
		};
		3817CB0127E1E880000B96EF /* Release */ = {
			isa = XCBuildConfiguration;
			buildSettings = {
				ASSETCATALOG_COMPILER_APPICON_NAME = AppIcon;
				ASSETCATALOG_COMPILER_GLOBAL_ACCENT_COLOR_NAME = AccentColor;
				CODE_SIGN_STYLE = Automatic;
				CURRENT_PROJECT_VERSION = 1;
				DEVELOPMENT_TEAM = WSCHZVTX6D;
				GENERATE_INFOPLIST_FILE = YES;
				INFOPLIST_FILE = ProsrochkaApp/Info.plist;
				INFOPLIST_KEY_UIApplicationSupportsIndirectInputEvents = YES;
				INFOPLIST_KEY_UILaunchStoryboardName = LaunchScreen;
				INFOPLIST_KEY_UISupportedInterfaceOrientations_iPad = "UIInterfaceOrientationPortrait UIInterfaceOrientationPortraitUpsideDown UIInterfaceOrientationLandscapeLeft UIInterfaceOrientationLandscapeRight";
				INFOPLIST_KEY_UISupportedInterfaceOrientations_iPhone = "UIInterfaceOrientationPortrait UIInterfaceOrientationLandscapeLeft UIInterfaceOrientationLandscapeRight";
				IPHONEOS_DEPLOYMENT_TARGET = 12.0;
				LD_RUNPATH_SEARCH_PATHS = (
					"$(inherited)",
					"@executable_path/Frameworks",
				);
				MARKETING_VERSION = 1.0;
				PRODUCT_BUNDLE_IDENTIFIER = com.maximshevtsov.ProsrochkaApp;
				PRODUCT_NAME = "$(TARGET_NAME)";
				SWIFT_EMIT_LOC_STRINGS = YES;
				SWIFT_VERSION = 5.0;
				TARGETED_DEVICE_FAMILY = "1,2";
			};
			name = Release;
		};
		3817CB0327E1E880000B96EF /* Debug */ = {
			isa = XCBuildConfiguration;
			buildSettings = {
				ALWAYS_EMBED_SWIFT_STANDARD_LIBRARIES = YES;
				BUNDLE_LOADER = "$(TEST_HOST)";
				CODE_SIGN_STYLE = Automatic;
				CURRENT_PROJECT_VERSION = 1;
				DEVELOPMENT_TEAM = WSCHZVTX6D;
				GENERATE_INFOPLIST_FILE = YES;
				IPHONEOS_DEPLOYMENT_TARGET = 15.0;
				LD_RUNPATH_SEARCH_PATHS = (
					"$(inherited)",
					"@executable_path/Frameworks",
					"@loader_path/Frameworks",
				);
				MARKETING_VERSION = 1.0;
				PRODUCT_BUNDLE_IDENTIFIER = com.maximshevtsov.ProsrochkaAppTests;
				PRODUCT_NAME = "$(TARGET_NAME)";
				SWIFT_EMIT_LOC_STRINGS = NO;
				SWIFT_VERSION = 5.0;
				TARGETED_DEVICE_FAMILY = "1,2";
				TEST_HOST = "$(BUILT_PRODUCTS_DIR)/ProsrochkaApp.app/ProsrochkaApp";
			};
			name = Debug;
		};
		3817CB0427E1E880000B96EF /* Release */ = {
			isa = XCBuildConfiguration;
			buildSettings = {
				ALWAYS_EMBED_SWIFT_STANDARD_LIBRARIES = YES;
				BUNDLE_LOADER = "$(TEST_HOST)";
				CODE_SIGN_STYLE = Automatic;
				CURRENT_PROJECT_VERSION = 1;
				DEVELOPMENT_TEAM = WSCHZVTX6D;
				GENERATE_INFOPLIST_FILE = YES;
				IPHONEOS_DEPLOYMENT_TARGET = 15.0;
				LD_RUNPATH_SEARCH_PATHS = (
					"$(inherited)",
					"@executable_path/Frameworks",
					"@loader_path/Frameworks",
				);
				MARKETING_VERSION = 1.0;
				PRODUCT_BUNDLE_IDENTIFIER = com.maximshevtsov.ProsrochkaAppTests;
				PRODUCT_NAME = "$(TARGET_NAME)";
				SWIFT_EMIT_LOC_STRINGS = NO;
				SWIFT_VERSION = 5.0;
				TARGETED_DEVICE_FAMILY = "1,2";
				TEST_HOST = "$(BUILT_PRODUCTS_DIR)/ProsrochkaApp.app/ProsrochkaApp";
			};
			name = Release;
		};
		3817CB0627E1E880000B96EF /* Debug */ = {
			isa = XCBuildConfiguration;
			buildSettings = {
				ALWAYS_EMBED_SWIFT_STANDARD_LIBRARIES = YES;
				CODE_SIGN_STYLE = Automatic;
				CURRENT_PROJECT_VERSION = 1;
				DEVELOPMENT_TEAM = WSCHZVTX6D;
				GENERATE_INFOPLIST_FILE = YES;
				LD_RUNPATH_SEARCH_PATHS = (
					"$(inherited)",
					"@executable_path/Frameworks",
					"@loader_path/Frameworks",
				);
				MARKETING_VERSION = 1.0;
				PRODUCT_BUNDLE_IDENTIFIER = com.maximshevtsov.ProsrochkaAppUITests;
				PRODUCT_NAME = "$(TARGET_NAME)";
				SWIFT_EMIT_LOC_STRINGS = NO;
				SWIFT_VERSION = 5.0;
				TARGETED_DEVICE_FAMILY = "1,2";
				TEST_TARGET_NAME = ProsrochkaApp;
			};
			name = Debug;
		};
		3817CB0727E1E880000B96EF /* Release */ = {
			isa = XCBuildConfiguration;
			buildSettings = {
				ALWAYS_EMBED_SWIFT_STANDARD_LIBRARIES = YES;
				CODE_SIGN_STYLE = Automatic;
				CURRENT_PROJECT_VERSION = 1;
				DEVELOPMENT_TEAM = WSCHZVTX6D;
				GENERATE_INFOPLIST_FILE = YES;
				LD_RUNPATH_SEARCH_PATHS = (
					"$(inherited)",
					"@executable_path/Frameworks",
					"@loader_path/Frameworks",
				);
				MARKETING_VERSION = 1.0;
				PRODUCT_BUNDLE_IDENTIFIER = com.maximshevtsov.ProsrochkaAppUITests;
				PRODUCT_NAME = "$(TARGET_NAME)";
				SWIFT_EMIT_LOC_STRINGS = NO;
				SWIFT_VERSION = 5.0;
				TARGETED_DEVICE_FAMILY = "1,2";
				TEST_TARGET_NAME = ProsrochkaApp;
			};
			name = Release;
		};
/* End XCBuildConfiguration section */

/* Begin XCConfigurationList section */
		3817CAD027E1E87C000B96EF /* Build configuration list for PBXProject "ProsrochkaApp" */ = {
			isa = XCConfigurationList;
			buildConfigurations = (
				3817CAFD27E1E880000B96EF /* Debug */,
				3817CAFE27E1E880000B96EF /* Release */,
			);
			defaultConfigurationIsVisible = 0;
			defaultConfigurationName = Release;
		};
		3817CAFF27E1E880000B96EF /* Build configuration list for PBXNativeTarget "ProsrochkaApp" */ = {
			isa = XCConfigurationList;
			buildConfigurations = (
				3817CB0027E1E880000B96EF /* Debug */,
				3817CB0127E1E880000B96EF /* Release */,
			);
			defaultConfigurationIsVisible = 0;
			defaultConfigurationName = Release;
		};
		3817CB0227E1E880000B96EF /* Build configuration list for PBXNativeTarget "ProsrochkaAppTests" */ = {
			isa = XCConfigurationList;
			buildConfigurations = (
				3817CB0327E1E880000B96EF /* Debug */,
				3817CB0427E1E880000B96EF /* Release */,
			);
			defaultConfigurationIsVisible = 0;
			defaultConfigurationName = Release;
		};
		3817CB0527E1E880000B96EF /* Build configuration list for PBXNativeTarget "ProsrochkaAppUITests" */ = {
			isa = XCConfigurationList;
			buildConfigurations = (
				3817CB0627E1E880000B96EF /* Debug */,
				3817CB0727E1E880000B96EF /* Release */,
			);
			defaultConfigurationIsVisible = 0;
			defaultConfigurationName = Release;
		};
/* End XCConfigurationList section */

/* Begin XCVersionGroup section */
		38E2D3DB27E4844200EC3294 /* Overdue.xcdatamodeld */ = {
			isa = XCVersionGroup;
			children = (
				38E2D3E327E4871100EC3294 /* Overdue v2.xcdatamodel */,
				38E2D3DC27E4844300EC3294 /* Overdue.xcdatamodel */,
			);
			currentVersion = 38E2D3E327E4871100EC3294 /* Overdue v2.xcdatamodel */;
			path = Overdue.xcdatamodeld;
			sourceTree = "<group>";
			versionGroupType = wrapper.xcdatamodel;
		};
/* End XCVersionGroup section */
	};
	rootObject = 3817CACD27E1E87C000B96EF /* Project object */;
}
